
Microsoft Visual Studio Solution File, Format Version 12.00
# Visual Studio Version 17
VisualStudioVersion = 17.13.35919.96 d17.13
MinimumVisualStudioVersion = 10.0.40219.1
Project("{FAE04EC0-301F-11D3-BF4B-00C04F79EFBC}") = "Dinoo", "Dinoo.csproj", "{51B4538F-E26D-4BDA-AD3C-95D70B3FE735}"
EndProject
Global
	GlobalSection(SolutionConfigurationPlatforms) = preSolution
		Debug|Any CPU = Debug|Any CPU
		Release|Any CPU = Release|Any CPU
	EndGlobalSection
	GlobalSection(ProjectConfigurationPlatforms) = postSolution
		{51B4538F-E26D-4BDA-AD3C-95D70B3FE735}.Debug|Any CPU.ActiveCfg = Debug|Any CPU
		{51B4538F-E26D-4BDA-AD3C-95D70B3FE735}.Debug|Any CPU.Build.0 = Debug|Any CPU
		{51B4538F-E26D-4BDA-AD3C-95D70B3FE735}.Release|Any CPU.ActiveCfg = Release|Any CPU
		{51B4538F-E26D-4BDA-AD3C-95D70B3FE735}.Release|Any CPU.Build.0 = Release|Any CPU
	EndGlobalSection
	GlobalSection(SolutionProperties) = preSolution
		HideSolutionNode = FALSE
	EndGlobalSection
	GlobalSection(ExtensibilityGlobals) = postSolution
		SolutionGuid = {3807F759-5EB2-454D-93AC-F34CBA8B8C1F}
	EndGlobalSection
EndGlobal
